// !$*UTF8*$!
{
	archiveVersion = 1;
	classes = {
	};
	objectVersion = 46;
	objects = {

/* Begin PBXBuildFile section */
		3C7D651C1A8D9C570087D891 /* AppDelegate.swift in Sources */ = {isa = PBXBuildFile; fileRef = 3C7D651B1A8D9C570087D891 /* AppDelegate.swift */; };
		3C7D651E1A8D9C570087D891 /* ViewController.swift in Sources */ = {isa = PBXBuildFile; fileRef = 3C7D651D1A8D9C570087D891 /* ViewController.swift */; };
		3C7D65211A8D9C570087D891 /* Main.storyboard in Resources */ = {isa = PBXBuildFile; fileRef = 3C7D651F1A8D9C570087D891 /* Main.storyboard */; };
		3C7D65231A8D9C570087D891 /* Images.xcassets in Resources */ = {isa = PBXBuildFile; fileRef = 3C7D65221A8D9C570087D891 /* Images.xcassets */; };
		3C7D65261A8D9C570087D891 /* LaunchScreen.xib in Resources */ = {isa = PBXBuildFile; fileRef = 3C7D65241A8D9C570087D891 /* LaunchScreen.xib */; };
		3C7D65321A8D9C570087D891 /* instagram_cloneTests.swift in Sources */ = {isa = PBXBuildFile; fileRef = 3C7D65311A8D9C570087D891 /* instagram_cloneTests.swift */; };
/* End PBXBuildFile section */

/* Begin PBXContainerItemProxy section */
		3C7D652C1A8D9C570087D891 /* PBXContainerItemProxy */ = {
			isa = PBXContainerItemProxy;
			containerPortal = 3C7D650E1A8D9C570087D891 /* Project object */;
			proxyType = 1;
			remoteGlobalIDString = 3C7D65151A8D9C570087D891;
			remoteInfo = instagram_clone;
		};
/* End PBXContainerItemProxy section */

/* Begin PBXFileReference section */
		3C7D65161A8D9C570087D891 /* instagram_clone.app */ = {isa = PBXFileReference; explicitFileType = wrapper.application; includeInIndex = 0; path = instagram_clone.app; sourceTree = BUILT_PRODUCTS_DIR; };
		3C7D651A1A8D9C570087D891 /* Info.plist */ = {isa = PBXFileReference; lastKnownFileType = text.plist.xml; path = Info.plist; sourceTree = "<group>"; };
		3C7D651B1A8D9C570087D891 /* AppDelegate.swift */ = {isa = PBXFileReference; lastKnownFileType = sourcecode.swift; path = AppDelegate.swift; sourceTree = "<group>"; };
		3C7D651D1A8D9C570087D891 /* ViewController.swift */ = {isa = PBXFileReference; lastKnownFileType = sourcecode.swift; path = ViewController.swift; sourceTree = "<group>"; };
		3C7D65201A8D9C570087D891 /* Base */ = {isa = PBXFileReference; lastKnownFileType = file.storyboard; name = Base; path = Base.lproj/Main.storyboard; sourceTree = "<group>"; };
		3C7D65221A8D9C570087D891 /* Images.xcassets */ = {isa = PBXFileReference; lastKnownFileType = folder.assetcatalog; path = Images.xcassets; sourceTree = "<group>"; };
		3C7D65251A8D9C570087D891 /* Base */ = {isa = PBXFileReference; lastKnownFileType = file.xib; name = Base; path = Base.lproj/LaunchScreen.xib; sourceTree = "<group>"; };
		3C7D652B1A8D9C570087D891 /* instagram_cloneTests.xctest */ = {isa = PBXFileReference; explicitFileType = wrapper.cfbundle; includeInIndex = 0; path = instagram_cloneTests.xctest; sourceTree = BUILT_PRODUCTS_DIR; };
		3C7D65301A8D9C570087D891 /* Info.plist */ = {isa = PBXFileReference; lastKnownFileType = text.plist.xml; path = Info.plist; sourceTree = "<group>"; };
		3C7D65311A8D9C570087D891 /* instagram_cloneTests.swift */ = {isa = PBXFileReference; lastKnownFileType = sourcecode.swift; path = instagram_cloneTests.swift; sourceTree = "<group>"; };
/* End PBXFileReference section */

/* Begin PBXFrameworksBuildPhase section */
		3C7D65131A8D9C570087D891 /* Frameworks */ = {
			isa = PBXFrameworksBuildPhase;
			buildActionMask = 2147483647;
			files = (
			);
			runOnlyForDeploymentPostprocessing = 0;
		};
		3C7D65281A8D9C570087D891 /* Frameworks */ = {
			isa = PBXFrameworksBuildPhase;
			buildActionMask = 2147483647;
			files = (
			);
			runOnlyForDeploymentPostprocessing = 0;
		};
/* End PBXFrameworksBuildPhase section */

/* Begin PBXGroup section */
		3C7D650D1A8D9C570087D891 = {
			isa = PBXGroup;
			children = (
				3C7D65181A8D9C570087D891 /* instagram_clone */,
				3C7D652E1A8D9C570087D891 /* instagram_cloneTests */,
				3C7D65171A8D9C570087D891 /* Products */,
			);
			sourceTree = "<group>";
		};
		3C7D65171A8D9C570087D891 /* Products */ = {
			isa = PBXGroup;
			children = (
				3C7D65161A8D9C570087D891 /* instagram_clone.app */,
				3C7D652B1A8D9C570087D891 /* instagram_cloneTests.xctest */,
			);
			name = Products;
			sourceTree = "<group>";
		};
		3C7D65181A8D9C570087D891 /* instagram_clone */ = {
			isa = PBXGroup;
			children = (
				3C7D651B1A8D9C570087D891 /* AppDelegate.swift */,
				3C7D651D1A8D9C570087D891 /* ViewController.swift */,
				3C7D651F1A8D9C570087D891 /* Main.storyboard */,
				3C7D65221A8D9C570087D891 /* Images.xcassets */,
				3C7D65241A8D9C570087D891 /* LaunchScreen.xib */,
				3C7D65191A8D9C570087D891 /* Supporting Files */,
			);
			path = instagram_clone;
			sourceTree = "<group>";
		};
		3C7D65191A8D9C570087D891 /* Supporting Files */ = {
			isa = PBXGroup;
			children = (
				3C7D651A1A8D9C570087D891 /* Info.plist */,
			);
			name = "Supporting Files";
			sourceTree = "<group>";
		};
		3C7D652E1A8D9C570087D891 /* instagram_cloneTests */ = {
			isa = PBXGroup;
			children = (
				3C7D65311A8D9C570087D891 /* instagram_cloneTests.swift */,
				3C7D652F1A8D9C570087D891 /* Supporting Files */,
			);
			path = instagram_cloneTests;
			sourceTree = "<group>";
		};
		3C7D652F1A8D9C570087D891 /* Supporting Files */ = {
			isa = PBXGroup;
			children = (
				3C7D65301A8D9C570087D891 /* Info.plist */,
			);
			name = "Supporting Files";
			sourceTree = "<group>";
		};
/* End PBXGroup section */

/* Begin PBXNativeTarget section */
		3C7D65151A8D9C570087D891 /* instagram_clone */ = {
			isa = PBXNativeTarget;
			buildConfigurationList = 3C7D65351A8D9C570087D891 /* Build configuration list for PBXNativeTarget "instagram_clone" */;
			buildPhases = (
				3C7D65121A8D9C570087D891 /* Sources */,
				3C7D65131A8D9C570087D891 /* Frameworks */,
				3C7D65141A8D9C570087D891 /* Resources */,
			);
			buildRules = (
			);
			dependencies = (
			);
			name = instagram_clone;
			productName = instagram_clone;
			productReference = 3C7D65161A8D9C570087D891 /* instagram_clone.app */;
			productType = "com.apple.product-type.application";
		};
		3C7D652A1A8D9C570087D891 /* instagram_cloneTests */ = {
			isa = PBXNativeTarget;
			buildConfigurationList = 3C7D65381A8D9C570087D891 /* Build configuration list for PBXNativeTarget "instagram_cloneTests" */;
			buildPhases = (
				3C7D65271A8D9C570087D891 /* Sources */,
				3C7D65281A8D9C570087D891 /* Frameworks */,
				3C7D65291A8D9C570087D891 /* Resources */,
			);
			buildRules = (
			);
			dependencies = (
				3C7D652D1A8D9C570087D891 /* PBXTargetDependency */,
			);
			name = instagram_cloneTests;
			productName = instagram_cloneTests;
			productReference = 3C7D652B1A8D9C570087D891 /* instagram_cloneTests.xctest */;
			productType = "com.apple.product-type.bundle.unit-test";
		};
/* End PBXNativeTarget section */

/* Begin PBXProject section */
		3C7D650E1A8D9C570087D891 /* Project object */ = {
			isa = PBXProject;
			attributes = {
				LastUpgradeCheck = 0610;
				ORGANIZATIONNAME = "David Messer";
				TargetAttributes = {
					3C7D65151A8D9C570087D891 = {
						CreatedOnToolsVersion = 6.1.1;
					};
					3C7D652A1A8D9C570087D891 = {
						CreatedOnToolsVersion = 6.1.1;
						TestTargetID = 3C7D65151A8D9C570087D891;
					};
				};
			};
			buildConfigurationList = 3C7D65111A8D9C570087D891 /* Build configuration list for PBXProject "instagram_clone" */;
			compatibilityVersion = "Xcode 3.2";
			developmentRegion = English;
			hasScannedForEncodings = 0;
			knownRegions = (
				en,
				Base,
			);
			mainGroup = 3C7D650D1A8D9C570087D891;
			productRefGroup = 3C7D65171A8D9C570087D891 /* Products */;
			projectDirPath = "";
			projectRoot = "";
			targets = (
				3C7D65151A8D9C570087D891 /* instagram_clone */,
				3C7D652A1A8D9C570087D891 /* instagram_cloneTests */,
			);
		};
/* End PBXProject section */

/* Begin PBXResourcesBuildPhase section */
		3C7D65141A8D9C570087D891 /* Resources */ = {
			isa = PBXResourcesBuildPhase;
			buildActionMask = 2147483647;
			files = (
				3C7D65211A8D9C570087D891 /* Main.storyboard in Resources */,
				3C7D65261A8D9C570087D891 /* LaunchScreen.xib in Resources */,
				3C7D65231A8D9C570087D891 /* Images.xcassets in Resources */,
			);
			runOnlyForDeploymentPostprocessing = 0;
		};
		3C7D65291A8D9C570087D891 /* Resources */ = {
			isa = PBXResourcesBuildPhase;
			buildActionMask = 2147483647;
			files = (
			);
			runOnlyForDeploymentPostprocessing = 0;
		};
/* End PBXResourcesBuildPhase section */

/* Begin PBXSourcesBuildPhase section */
		3C7D65121A8D9C570087D891 /* Sources */ = {
			isa = PBXSourcesBuildPhase;
			buildActionMask = 2147483647;
			files = (
				3C7D651E1A8D9C570087D891 /* ViewController.swift in Sources */,
				3C7D651C1A8D9C570087D891 /* AppDelegate.swift in Sources */,
			);
			runOnlyForDeploymentPostprocessing = 0;
		};
		3C7D65271A8D9C570087D891 /* Sources */ = {
			isa = PBXSourcesBuildPhase;
			buildActionMask = 2147483647;
			files = (
				3C7D65321A8D9C570087D891 /* instagram_cloneTests.swift in Sources */,
			);
			runOnlyForDeploymentPostprocessing = 0;
		};
/* End PBXSourcesBuildPhase section */

/* Begin PBXTargetDependency section */
		3C7D652D1A8D9C570087D891 /* PBXTargetDependency */ = {
			isa = PBXTargetDependency;
			target = 3C7D65151A8D9C570087D891 /* instagram_clone */;
			targetProxy = 3C7D652C1A8D9C570087D891 /* PBXContainerItemProxy */;
		};
/* End PBXTargetDependency section */

/* Begin PBXVariantGroup section */
		3C7D651F1A8D9C570087D891 /* Main.storyboard */ = {
			isa = PBXVariantGroup;
			children = (
				3C7D65201A8D9C570087D891 /* Base */,
			);
			name = Main.storyboard;
			sourceTree = "<group>";
		};
		3C7D65241A8D9C570087D891 /* LaunchScreen.xib */ = {
			isa = PBXVariantGroup;
			children = (
				3C7D65251A8D9C570087D891 /* Base */,
			);
			name = LaunchScreen.xib;
			sourceTree = "<group>";
		};
/* End PBXVariantGroup section */

/* Begin XCBuildConfiguration section */
		3C7D65331A8D9C570087D891 /* Debug */ = {
			isa = XCBuildConfiguration;
			buildSettings = {
				ALWAYS_SEARCH_USER_PATHS = NO;
				CLANG_CXX_LANGUAGE_STANDARD = "gnu++0x";
				CLANG_CXX_LIBRARY = "libc++";
				CLANG_ENABLE_MODULES = YES;
				CLANG_ENABLE_OBJC_ARC = YES;
				CLANG_WARN_BOOL_CONVERSION = YES;
				CLANG_WARN_CONSTANT_CONVERSION = YES;
				CLANG_WARN_DIRECT_OBJC_ISA_USAGE = YES_ERROR;
				CLANG_WARN_EMPTY_BODY = YES;
				CLANG_WARN_ENUM_CONVERSION = YES;
				CLANG_WARN_INT_CONVERSION = YES;
				CLANG_WARN_OBJC_ROOT_CLASS = YES_ERROR;
				CLANG_WARN_UNREACHABLE_CODE = YES;
				CLANG_WARN__DUPLICATE_METHOD_MATCH = YES;
				"CODE_SIGN_IDENTITY[sdk=iphoneos*]" = "iPhone Developer";
				COPY_PHASE_STRIP = NO;
				ENABLE_STRICT_OBJC_MSGSEND = YES;
				GCC_C_LANGUAGE_STANDARD = gnu99;
				GCC_DYNAMIC_NO_PIC = NO;
				GCC_OPTIMIZATION_LEVEL = 0;
				GCC_PREPROCESSOR_DEFINITIONS = (
					"DEBUG=1",
					"$(inherited)",
				);
				GCC_SYMBOLS_PRIVATE_EXTERN = NO;
				GCC_WARN_64_TO_32_BIT_CONVERSION = YES;
				GCC_WARN_ABOUT_RETURN_TYPE = YES_ERROR;
				GCC_WARN_UNDECLARED_SELECTOR = YES;
				GCC_WARN_UNINITIALIZED_AUTOS = YES_AGGRESSIVE;
				GCC_WARN_UNUSED_FUNCTION = YES;
				GCC_WARN_UNUSED_VARIABLE = YES;
				IPHONEOS_DEPLOYMENT_TARGET = 8.1;
				MTL_ENABLE_DEBUG_INFO = YES;
				ONLY_ACTIVE_ARCH = YES;
				SDKROOT = iphoneos;
				SWIFT_OPTIMIZATION_LEVEL = "-Onone";
				TARGETED_DEVICE_FAMILY = "1,2";
			};
			name = Debug;
		};
		3C7D65341A8D9C570087D891 /* Release */ = {
			isa = XCBuildConfiguration;
			buildSettings = {
				ALWAYS_SEARCH_USER_PATHS = NO;
				CLANG_CXX_LANGUAGE_STANDARD = "gnu++0x";
				CLANG_CXX_LIBRARY = "libc++";
				CLANG_ENABLE_MODULES = YES;
				CLANG_ENABLE_OBJC_ARC = YES;
				CLANG_WARN_BOOL_CONVERSION = YES;
				CLANG_WARN_CONSTANT_CONVERSION = YES;
				CLANG_WARN_DIRECT_OBJC_ISA_USAGE = YES_ERROR;
				CLANG_WARN_EMPTY_BODY = YES;
				CLANG_WARN_ENUM_CONVERSION = YES;
				CLANG_WARN_INT_CONVERSION = YES;
				CLANG_WARN_OBJC_ROOT_CLASS = YES_ERROR;
				CLANG_WARN_UNREACHABLE_CODE = YES;
				CLANG_WARN__DUPLICATE_METHOD_MATCH = YES;
				"CODE_SIGN_IDENTITY[sdk=iphoneos*]" = "iPhone Developer";
				COPY_PHASE_STRIP = YES;
				ENABLE_NS_ASSERTIONS = NO;
				ENABLE_STRICT_OBJC_MSGSEND = YES;
				GCC_C_LANGUAGE_STANDARD = gnu99;
				GCC_WARN_64_TO_32_BIT_CONVERSION = YES;
				GCC_WARN_ABOUT_RETURN_TYPE = YES_ERROR;
				GCC_WARN_UNDECLARED_SELECTOR = YES;
				GCC_WARN_UNINITIALIZED_AUTOS = YES_AGGRESSIVE;
				GCC_WARN_UNUSED_FUNCTION = YES;
				GCC_WARN_UNUSED_VARIABLE = YES;
				IPHONEOS_DEPLOYMENT_TARGET = 8.1;
				MTL_ENABLE_DEBUG_INFO = NO;
				SDKROOT = iphoneos;
				TARGETED_DEVICE_FAMILY = "1,2";
				VALIDATE_PRODUCT = YES;
			};
			name = Release;
		};
		3C7D65361A8D9C570087D891 /* Debug */ = {
			isa = XCBuildConfiguration;
			buildSettings = {
				ASSETCATALOG_COMPILER_APPICON_NAME = AppIcon;
				INFOPLIST_FILE = instagram_clone/Info.plist;
				LD_RUNPATH_SEARCH_PATHS = "$(inherited) @executable_path/Frameworks";
				PRODUCT_NAME = "$(TARGET_NAME)";
			};
			name = Debug;
		};
		3C7D65371A8D9C570087D891 /* Release */ = {
			isa = XCBuildConfiguration;
			buildSettings = {
				ASSETCATALOG_COMPILER_APPICON_NAME = AppIcon;
				INFOPLIST_FILE = instagram_clone/Info.plist;
				LD_RUNPATH_SEARCH_PATHS = "$(inherited) @executable_path/Frameworks";
				PRODUCT_NAME = "$(TARGET_NAME)";
			};
			name = Release;
		};
		3C7D65391A8D9C570087D891 /* Debug */ = {
			isa = XCBuildConfiguration;
			buildSettings = {
				BUNDLE_LOADER = "$(TEST_HOST)";
				FRAMEWORK_SEARCH_PATHS = (
					"$(SDKROOT)/Developer/Library/Frameworks",
					"$(inherited)",
				);
				GCC_PREPROCESSOR_DEFINITIONS = (
					"DEBUG=1",
					"$(inherited)",
				);
				INFOPLIST_FILE = instagram_cloneTests/Info.plist;
				LD_RUNPATH_SEARCH_PATHS = "$(inherited) @executable_path/Frameworks @loader_path/Frameworks";
				PRODUCT_NAME = "$(TARGET_NAME)";
				TEST_HOST = "$(BUILT_PRODUCTS_DIR)/instagram_clone.app/instagram_clone";
			};
			name = Debug;
		};
		3C7D653A1A8D9C570087D891 /* Release */ = {
			isa = XCBuildConfiguration;
			buildSettings = {
				BUNDLE_LOADER = "$(TEST_HOST)";
				FRAMEWORK_SEARCH_PATHS = (
					"$(SDKROOT)/Developer/Library/Frameworks",
					"$(inherited)",
				);
				INFOPLIST_FILE = instagram_cloneTests/Info.plist;
				LD_RUNPATH_SEARCH_PATHS = "$(inherited) @executable_path/Frameworks @loader_path/Frameworks";
				PRODUCT_NAME = "$(TARGET_NAME)";
				TEST_HOST = "$(BUILT_PRODUCTS_DIR)/instagram_clone.app/instagram_clone";
			};
			name = Release;
		};
/* End XCBuildConfiguration section */

/* Begin XCConfigurationList section */
		3C7D65111A8D9C570087D891 /* Build configuration list for PBXProject "instagram_clone" */ = {
			isa = XCConfigurationList;
			buildConfigurations = (
				3C7D65331A8D9C570087D891 /* Debug */,
				3C7D65341A8D9C570087D891 /* Release */,
			);
			defaultConfigurationIsVisible = 0;
			defaultConfigurationName = Release;
		};
		3C7D65351A8D9C570087D891 /* Build configuration list for PBXNativeTarget "instagram_clone" */ = {
			isa = XCConfigurationList;
			buildConfigurations = (
				3C7D65361A8D9C570087D891 /* Debug */,
				3C7D65371A8D9C570087D891 /* Release */,
			);
			defaultConfigurationIsVisible = 0;
		};
		3C7D65381A8D9C570087D891 /* Build configuration list for PBXNativeTarget "instagram_cloneTests" */ = {
			isa = XCConfigurationList;
			buildConfigurations = (
				3C7D65391A8D9C570087D891 /* Debug */,
				3C7D653A1A8D9C570087D891 /* Release */,
			);
			defaultConfigurationIsVisible = 0;
		};
/* End XCConfigurationList section */
	};
	rootObject = 3C7D650E1A8D9C570087D891 /* Project object */;
}
